
Microsoft Visual Studio Solution File, Format Version 12.00
# Visual Studio Version 17
VisualStudioVersion = 17.5.33627.172
MinimumVisualStudioVersion = 10.0.40219.1
Project("{FAE04EC0-301F-11D3-BF4B-00C04F79EFBC}") = "ListaDeExercicios", "ListaDeExercicios\ListaDeExercicios.csproj", "{6AEA0D39-DD5F-4625-ABFB-8D96CAAB3B38}"
EndProject
Global
	GlobalSection(SolutionConfigurationPlatforms) = preSolution
		Debug|Any CPU = Debug|Any CPU
		Release|Any CPU = Release|Any CPU
	EndGlobalSection
	GlobalSection(ProjectConfigurationPlatforms) = postSolution
		{6AEA0D39-DD5F-4625-ABFB-8D96CAAB3B38}.Debug|Any CPU.ActiveCfg = Debug|Any CPU
		{6AEA0D39-DD5F-4625-ABFB-8D96CAAB3B38}.Debug|Any CPU.Build.0 = Debug|Any CPU
		{6AEA0D39-DD5F-4625-ABFB-8D96CAAB3B38}.Release|Any CPU.ActiveCfg = Release|Any CPU
		{6AEA0D39-DD5F-4625-ABFB-8D96CAAB3B38}.Release|Any CPU.Build.0 = Release|Any CPU
	EndGlobalSection
	GlobalSection(SolutionProperties) = preSolution
		HideSolutionNode = FALSE
	EndGlobalSection
	GlobalSection(ExtensibilityGlobals) = postSolution
		SolutionGuid = {97826679-FE6C-48B4-B750-78EF67574347}
	EndGlobalSection
EndGlobal
